
Microsoft Visual Studio Solution File, Format Version 12.00
# Visual Studio Version 17
VisualStudioVersion = 17.3.32929.385
MinimumVisualStudioVersion = 10.0.40219.1
Project("{FAE04EC0-301F-11D3-BF4B-00C04F79EFBC}") = "Rapyd.API", "Rapyd.API\Rapyd.API.csproj", "{75200708-9796-4028-88C2-D10EFCC10D6D}"
EndProject
Global
	GlobalSection(SolutionConfigurationPlatforms) = preSolution
		Debug|Any CPU = Debug|Any CPU
		Release|Any CPU = Release|Any CPU
	EndGlobalSection
	GlobalSection(ProjectConfigurationPlatforms) = postSolution
		{75200708-9796-4028-88C2-D10EFCC10D6D}.Debug|Any CPU.ActiveCfg = Debug|Any CPU
		{75200708-9796-4028-88C2-D10EFCC10D6D}.Debug|Any CPU.Build.0 = Debug|Any CPU
		{75200708-9796-4028-88C2-D10EFCC10D6D}.Release|Any CPU.ActiveCfg = Release|Any CPU
		{75200708-9796-4028-88C2-D10EFCC10D6D}.Release|Any CPU.Build.0 = Release|Any CPU
	EndGlobalSection
	GlobalSection(SolutionProperties) = preSolution
		HideSolutionNode = FALSE
	EndGlobalSection
	GlobalSection(ExtensibilityGlobals) = postSolution
		SolutionGuid = {2F915C77-A94F-445C-91AF-E7298EA0F2F5}
	EndGlobalSection
EndGlobal
